
Microsoft Visual Studio Solution File, Format Version 12.00
# Visual Studio Version 16
VisualStudioVersion = 16.0.29326.143
MinimumVisualStudioVersion = 10.0.40219.1
Project("{FAE04EC0-301F-11D3-BF4B-00C04F79EFBC}") = "ParentsDateNight", "ParentsDateNight\ParentsDateNight.csproj", "{BEB0C238-D5BC-4723-A985-11FE409958A3}"
EndProject
Global
	GlobalSection(SolutionConfigurationPlatforms) = preSolution
		Debug|Any CPU = Debug|Any CPU
		Release|Any CPU = Release|Any CPU
	EndGlobalSection
	GlobalSection(ProjectConfigurationPlatforms) = postSolution
		{BEB0C238-D5BC-4723-A985-11FE409958A3}.Debug|Any CPU.ActiveCfg = Debug|Any CPU
		{BEB0C238-D5BC-4723-A985-11FE409958A3}.Debug|Any CPU.Build.0 = Debug|Any CPU
		{BEB0C238-D5BC-4723-A985-11FE409958A3}.Release|Any CPU.ActiveCfg = Release|Any CPU
		{BEB0C238-D5BC-4723-A985-11FE409958A3}.Release|Any CPU.Build.0 = Release|Any CPU
	EndGlobalSection
	GlobalSection(SolutionProperties) = preSolution
		HideSolutionNode = FALSE
	EndGlobalSection
	GlobalSection(ExtensibilityGlobals) = postSolution
		SolutionGuid = {01091950-E241-4A7F-B187-5F79056BC839}
	EndGlobalSection
EndGlobal
